
Microsoft Visual Studio Solution File, Format Version 12.00
# Visual Studio Version 17
VisualStudioVersion = 17.14.36518.9
MinimumVisualStudioVersion = 10.0.40219.1
Project("{2150E333-8FDC-42A3-9474-1A3956D46DE8}") = "src", "src", "{02EA681E-C7D8-13C7-8484-4AC65E1B71E8}"
EndProject
Project("{2150E333-8FDC-42A3-9474-1A3956D46DE8}") = "tests", "tests", "{FF514C20-E195-4148-9EEF-F492500D8984}"
EndProject
Project("{9A19103F-16F7-4668-BE54-9A1E7A4F7556}") = "Randevoo.Domain", "src\Randevoo.Domain\Randevoo.Domain.csproj", "{186E7C1C-3C59-4E33-B7D0-C94DED583696}"
EndProject
Project("{9A19103F-16F7-4668-BE54-9A1E7A4F7556}") = "Randevoo.Application", "src\Randevoo.Application\Randevoo.Application.csproj", "{CFDC9EA2-C9F4-4855-8A09-A8CE001F4EC2}"
EndProject
Project("{9A19103F-16F7-4668-BE54-9A1E7A4F7556}") = "Randevoo.Infrastructure", "src\Randevoo.Infrastructure\Randevoo.Infrastructure.csproj", "{BDD7D563-BC3C-4F60-B136-20B3948654BD}"
EndProject
Project("{FAE04EC0-301F-11D3-BF4B-00C04F79EFBC}") = "Randevoo.Tests.Unit", "tests\Randevoo.Tests.Unit\Randevoo.Tests.Unit.csproj", "{2A92D8F6-4E96-4B67-8DDD-D9ED634E0578}"
EndProject
Project("{FAE04EC0-301F-11D3-BF4B-00C04F79EFBC}") = "Randevoo.Tests.Integration", "tests\Randevoo.Tests.Integration\Randevoo.Tests.Integration.csproj", "{559E8F82-C3B2-443E-B99B-68AB438AD94F}"
EndProject
Project("{FAE04EC0-301F-11D3-BF4B-00C04F79EFBC}") = "Randevoo.WebApi", "src\Randevoo.WebApi\Randevoo.WebApi.csproj", "{18FC3228-EE3D-4280-A05E-BE786FEE51D6}"
EndProject
Project("{FAE04EC0-301F-11D3-BF4B-00C04F79EFBC}") = "Randevoo.AdminPanel", "src\Randevoo.AdminPanel\Randevoo.AdminPanel.csproj", "{EAA652B8-0C4B-4A7B-B5F2-59AD9FD630FD}"
EndProject
Project("{FAE04EC0-301F-11D3-BF4B-00C04F79EFBC}") = "Randevoo.Web", "src\Randevoo.Web\Randevoo.Web.csproj", "{F73D5320-6191-4164-96C5-A9C9D8B5A9C1}"
EndProject
Global
	GlobalSection(SolutionConfigurationPlatforms) = preSolution
		Debug|Any CPU = Debug|Any CPU
		Debug|x64 = Debug|x64
		Debug|x86 = Debug|x86
		Release|Any CPU = Release|Any CPU
		Release|x64 = Release|x64
		Release|x86 = Release|x86
	EndGlobalSection
	GlobalSection(ProjectConfigurationPlatforms) = postSolution
		{186E7C1C-3C59-4E33-B7D0-C94DED583696}.Debug|Any CPU.ActiveCfg = Debug|Any CPU
		{186E7C1C-3C59-4E33-B7D0-C94DED583696}.Debug|Any CPU.Build.0 = Debug|Any CPU
		{186E7C1C-3C59-4E33-B7D0-C94DED583696}.Debug|x64.ActiveCfg = Debug|Any CPU
		{186E7C1C-3C59-4E33-B7D0-C94DED583696}.Debug|x64.Build.0 = Debug|Any CPU
		{186E7C1C-3C59-4E33-B7D0-C94DED583696}.Debug|x86.ActiveCfg = Debug|Any CPU
		{186E7C1C-3C59-4E33-B7D0-C94DED583696}.Debug|x86.Build.0 = Debug|Any CPU
		{186E7C1C-3C59-4E33-B7D0-C94DED583696}.Release|Any CPU.ActiveCfg = Release|Any CPU
		{186E7C1C-3C59-4E33-B7D0-C94DED583696}.Release|Any CPU.Build.0 = Release|Any CPU
		{186E7C1C-3C59-4E33-B7D0-C94DED583696}.Release|x64.ActiveCfg = Release|Any CPU
		{186E7C1C-3C59-4E33-B7D0-C94DED583696}.Release|x64.Build.0 = Release|Any CPU
		{186E7C1C-3C59-4E33-B7D0-C94DED583696}.Release|x86.ActiveCfg = Release|Any CPU
		{186E7C1C-3C59-4E33-B7D0-C94DED583696}.Release|x86.Build.0 = Release|Any CPU
		{CFDC9EA2-C9F4-4855-8A09-A8CE001F4EC2}.Debug|Any CPU.ActiveCfg = Debug|Any CPU
		{CFDC9EA2-C9F4-4855-8A09-A8CE001F4EC2}.Debug|Any CPU.Build.0 = Debug|Any CPU
		{CFDC9EA2-C9F4-4855-8A09-A8CE001F4EC2}.Debug|x64.ActiveCfg = Debug|Any CPU
		{CFDC9EA2-C9F4-4855-8A09-A8CE001F4EC2}.Debug|x64.Build.0 = Debug|Any CPU
		{CFDC9EA2-C9F4-4855-8A09-A8CE001F4EC2}.Debug|x86.ActiveCfg = Debug|Any CPU
		{CFDC9EA2-C9F4-4855-8A09-A8CE001F4EC2}.Debug|x86.Build.0 = Debug|Any CPU
		{CFDC9EA2-C9F4-4855-8A09-A8CE001F4EC2}.Release|Any CPU.ActiveCfg = Release|Any CPU
		{CFDC9EA2-C9F4-4855-8A09-A8CE001F4EC2}.Release|Any CPU.Build.0 = Release|Any CPU
		{CFDC9EA2-C9F4-4855-8A09-A8CE001F4EC2}.Release|x64.ActiveCfg = Release|Any CPU
		{CFDC9EA2-C9F4-4855-8A09-A8CE001F4EC2}.Release|x64.Build.0 = Release|Any CPU
		{CFDC9EA2-C9F4-4855-8A09-A8CE001F4EC2}.Release|x86.ActiveCfg = Release|Any CPU
		{CFDC9EA2-C9F4-4855-8A09-A8CE001F4EC2}.Release|x86.Build.0 = Release|Any CPU
		{BDD7D563-BC3C-4F60-B136-20B3948654BD}.Debug|Any CPU.ActiveCfg = Debug|Any CPU
		{BDD7D563-BC3C-4F60-B136-20B3948654BD}.Debug|Any CPU.Build.0 = Debug|Any CPU
		{BDD7D563-BC3C-4F60-B136-20B3948654BD}.Debug|x64.ActiveCfg = Debug|Any CPU
		{BDD7D563-BC3C-4F60-B136-20B3948654BD}.Debug|x64.Build.0 = Debug|Any CPU
		{BDD7D563-BC3C-4F60-B136-20B3948654BD}.Debug|x86.ActiveCfg = Debug|Any CPU
		{BDD7D563-BC3C-4F60-B136-20B3948654BD}.Debug|x86.Build.0 = Debug|Any CPU
		{BDD7D563-BC3C-4F60-B136-20B3948654BD}.Release|Any CPU.ActiveCfg = Release|Any CPU
		{BDD7D563-BC3C-4F60-B136-20B3948654BD}.Release|Any CPU.Build.0 = Release|Any CPU
		{BDD7D563-BC3C-4F60-B136-20B3948654BD}.Release|x64.ActiveCfg = Release|Any CPU
		{BDD7D563-BC3C-4F60-B136-20B3948654BD}.Release|x64.Build.0 = Release|Any CPU
		{BDD7D563-BC3C-4F60-B136-20B3948654BD}.Release|x86.ActiveCfg = Release|Any CPU
		{BDD7D563-BC3C-4F60-B136-20B3948654BD}.Release|x86.Build.0 = Release|Any CPU
		{2A92D8F6-4E96-4B67-8DDD-D9ED634E0578}.Debug|Any CPU.ActiveCfg = Debug|Any CPU
		{2A92D8F6-4E96-4B67-8DDD-D9ED634E0578}.Debug|Any CPU.Build.0 = Debug|Any CPU
		{2A92D8F6-4E96-4B67-8DDD-D9ED634E0578}.Debug|x64.ActiveCfg = Debug|Any CPU
		{2A92D8F6-4E96-4B67-8DDD-D9ED634E0578}.Debug|x64.Build.0 = Debug|Any CPU
		{2A92D8F6-4E96-4B67-8DDD-D9ED634E0578}.Debug|x86.ActiveCfg = Debug|Any CPU
		{2A92D8F6-4E96-4B67-8DDD-D9ED634E0578}.Debug|x86.Build.0 = Debug|Any CPU
		{2A92D8F6-4E96-4B67-8DDD-D9ED634E0578}.Release|Any CPU.ActiveCfg = Release|Any CPU
		{2A92D8F6-4E96-4B67-8DDD-D9ED634E0578}.Release|Any CPU.Build.0 = Release|Any CPU
		{2A92D8F6-4E96-4B67-8DDD-D9ED634E0578}.Release|x64.ActiveCfg = Release|Any CPU
		{2A92D8F6-4E96-4B67-8DDD-D9ED634E0578}.Release|x64.Build.0 = Release|Any CPU
		{2A92D8F6-4E96-4B67-8DDD-D9ED634E0578}.Release|x86.ActiveCfg = Release|Any CPU
		{2A92D8F6-4E96-4B67-8DDD-D9ED634E0578}.Release|x86.Build.0 = Release|Any CPU
		{559E8F82-C3B2-443E-B99B-68AB438AD94F}.Debug|Any CPU.ActiveCfg = Debug|Any CPU
		{559E8F82-C3B2-443E-B99B-68AB438AD94F}.Debug|Any CPU.Build.0 = Debug|Any CPU
		{559E8F82-C3B2-443E-B99B-68AB438AD94F}.Debug|x64.ActiveCfg = Debug|Any CPU
		{559E8F82-C3B2-443E-B99B-68AB438AD94F}.Debug|x64.Build.0 = Debug|Any CPU
		{559E8F82-C3B2-443E-B99B-68AB438AD94F}.Debug|x86.ActiveCfg = Debug|Any CPU
		{559E8F82-C3B2-443E-B99B-68AB438AD94F}.Debug|x86.Build.0 = Debug|Any CPU
		{559E8F82-C3B2-443E-B99B-68AB438AD94F}.Release|Any CPU.ActiveCfg = Release|Any CPU
		{559E8F82-C3B2-443E-B99B-68AB438AD94F}.Release|Any CPU.Build.0 = Release|Any CPU
		{559E8F82-C3B2-443E-B99B-68AB438AD94F}.Release|x64.ActiveCfg = Release|Any CPU
		{559E8F82-C3B2-443E-B99B-68AB438AD94F}.Release|x64.Build.0 = Release|Any CPU
		{559E8F82-C3B2-443E-B99B-68AB438AD94F}.Release|x86.ActiveCfg = Release|Any CPU
		{559E8F82-C3B2-443E-B99B-68AB438AD94F}.Release|x86.Build.0 = Release|Any CPU
		{18FC3228-EE3D-4280-A05E-BE786FEE51D6}.Debug|Any CPU.ActiveCfg = Debug|Any CPU
		{18FC3228-EE3D-4280-A05E-BE786FEE51D6}.Debug|Any CPU.Build.0 = Debug|Any CPU
		{18FC3228-EE3D-4280-A05E-BE786FEE51D6}.Debug|x64.ActiveCfg = Debug|Any CPU
		{18FC3228-EE3D-4280-A05E-BE786FEE51D6}.Debug|x64.Build.0 = Debug|Any CPU
		{18FC3228-EE3D-4280-A05E-BE786FEE51D6}.Debug|x86.ActiveCfg = Debug|Any CPU
		{18FC3228-EE3D-4280-A05E-BE786FEE51D6}.Debug|x86.Build.0 = Debug|Any CPU
		{18FC3228-EE3D-4280-A05E-BE786FEE51D6}.Release|Any CPU.ActiveCfg = Release|Any CPU
		{18FC3228-EE3D-4280-A05E-BE786FEE51D6}.Release|Any CPU.Build.0 = Release|Any CPU
		{18FC3228-EE3D-4280-A05E-BE786FEE51D6}.Release|x64.ActiveCfg = Release|Any CPU
		{18FC3228-EE3D-4280-A05E-BE786FEE51D6}.Release|x64.Build.0 = Release|Any CPU
		{18FC3228-EE3D-4280-A05E-BE786FEE51D6}.Release|x86.ActiveCfg = Release|Any CPU
		{18FC3228-EE3D-4280-A05E-BE786FEE51D6}.Release|x86.Build.0 = Release|Any CPU
		{EAA652B8-0C4B-4A7B-B5F2-59AD9FD630FD}.Debug|Any CPU.ActiveCfg = Debug|Any CPU
		{EAA652B8-0C4B-4A7B-B5F2-59AD9FD630FD}.Debug|Any CPU.Build.0 = Debug|Any CPU
		{EAA652B8-0C4B-4A7B-B5F2-59AD9FD630FD}.Debug|x64.ActiveCfg = Debug|Any CPU
		{EAA652B8-0C4B-4A7B-B5F2-59AD9FD630FD}.Debug|x64.Build.0 = Debug|Any CPU
		{EAA652B8-0C4B-4A7B-B5F2-59AD9FD630FD}.Debug|x86.ActiveCfg = Debug|Any CPU
		{EAA652B8-0C4B-4A7B-B5F2-59AD9FD630FD}.Debug|x86.Build.0 = Debug|Any CPU
		{EAA652B8-0C4B-4A7B-B5F2-59AD9FD630FD}.Release|Any CPU.ActiveCfg = Release|Any CPU
		{EAA652B8-0C4B-4A7B-B5F2-59AD9FD630FD}.Release|Any CPU.Build.0 = Release|Any CPU
		{EAA652B8-0C4B-4A7B-B5F2-59AD9FD630FD}.Release|x64.ActiveCfg = Release|Any CPU
		{EAA652B8-0C4B-4A7B-B5F2-59AD9FD630FD}.Release|x64.Build.0 = Release|Any CPU
		{EAA652B8-0C4B-4A7B-B5F2-59AD9FD630FD}.Release|x86.ActiveCfg = Release|Any CPU
		{EAA652B8-0C4B-4A7B-B5F2-59AD9FD630FD}.Release|x86.Build.0 = Release|Any CPU
		{F73D5320-6191-4164-96C5-A9C9D8B5A9C1}.Debug|Any CPU.ActiveCfg = Debug|Any CPU
		{F73D5320-6191-4164-96C5-A9C9D8B5A9C1}.Debug|Any CPU.Build.0 = Debug|Any CPU
		{F73D5320-6191-4164-96C5-A9C9D8B5A9C1}.Debug|x64.ActiveCfg = Debug|Any CPU
		{F73D5320-6191-4164-96C5-A9C9D8B5A9C1}.Debug|x64.Build.0 = Debug|Any CPU
		{F73D5320-6191-4164-96C5-A9C9D8B5A9C1}.Debug|x86.ActiveCfg = Debug|Any CPU
		{F73D5320-6191-4164-96C5-A9C9D8B5A9C1}.Debug|x86.Build.0 = Debug|Any CPU
		{F73D5320-6191-4164-96C5-A9C9D8B5A9C1}.Release|Any CPU.ActiveCfg = Release|Any CPU
		{F73D5320-6191-4164-96C5-A9C9D8B5A9C1}.Release|Any CPU.Build.0 = Release|Any CPU
		{F73D5320-6191-4164-96C5-A9C9D8B5A9C1}.Release|x64.ActiveCfg = Release|Any CPU
		{F73D5320-6191-4164-96C5-A9C9D8B5A9C1}.Release|x64.Build.0 = Release|Any CPU
		{F73D5320-6191-4164-96C5-A9C9D8B5A9C1}.Release|x86.ActiveCfg = Release|Any CPU
		{F73D5320-6191-4164-96C5-A9C9D8B5A9C1}.Release|x86.Build.0 = Release|Any CPU
	EndGlobalSection
	GlobalSection(SolutionProperties) = preSolution
		HideSolutionNode = FALSE
	EndGlobalSection
	GlobalSection(NestedProjects) = preSolution
		{186E7C1C-3C59-4E33-B7D0-C94DED583696} = {02EA681E-C7D8-13C7-8484-4AC65E1B71E8}
		{CFDC9EA2-C9F4-4855-8A09-A8CE001F4EC2} = {02EA681E-C7D8-13C7-8484-4AC65E1B71E8}
		{BDD7D563-BC3C-4F60-B136-20B3948654BD} = {02EA681E-C7D8-13C7-8484-4AC65E1B71E8}
		{2A92D8F6-4E96-4B67-8DDD-D9ED634E0578} = {FF514C20-E195-4148-9EEF-F492500D8984}
		{559E8F82-C3B2-443E-B99B-68AB438AD94F} = {FF514C20-E195-4148-9EEF-F492500D8984}
		{18FC3228-EE3D-4280-A05E-BE786FEE51D6} = {02EA681E-C7D8-13C7-8484-4AC65E1B71E8}
		{EAA652B8-0C4B-4A7B-B5F2-59AD9FD630FD} = {02EA681E-C7D8-13C7-8484-4AC65E1B71E8}
		{F73D5320-6191-4164-96C5-A9C9D8B5A9C1} = {02EA681E-C7D8-13C7-8484-4AC65E1B71E8}
	EndGlobalSection
	GlobalSection(ExtensibilityGlobals) = postSolution
		SolutionGuid = {F4604B35-5158-4595-B386-E32EEA3691C9}
	EndGlobalSection
EndGlobal
